// !$*UTF8*$!
{
	archiveVersion = 1;
	classes = {
	};
	objectVersion = 50;
	objects = {

/* Begin PBXBuildFile section */
		840D3138234D119B00C3D376 /* AppDelegate.swift in Sources */ = {isa = PBXBuildFile; fileRef = 840D3137234D119B00C3D376 /* AppDelegate.swift */; };
		840D313A234D119B00C3D376 /* SceneDelegate.swift in Sources */ = {isa = PBXBuildFile; fileRef = 840D3139234D119B00C3D376 /* SceneDelegate.swift */; };
		840D313C234D119B00C3D376 /* ViewController.swift in Sources */ = {isa = PBXBuildFile; fileRef = 840D313B234D119B00C3D376 /* ViewController.swift */; };
		840D313F234D119B00C3D376 /* Main.storyboard in Resources */ = {isa = PBXBuildFile; fileRef = 840D313D234D119B00C3D376 /* Main.storyboard */; };
		840D3141234D119D00C3D376 /* Assets.xcassets in Resources */ = {isa = PBXBuildFile; fileRef = 840D3140234D119D00C3D376 /* Assets.xcassets */; };
		840D3144234D119D00C3D376 /* LaunchScreen.storyboard in Resources */ = {isa = PBXBuildFile; fileRef = 840D3142234D119D00C3D376 /* LaunchScreen.storyboard */; };
		84D51726234D5A88004D9FC4 /* level1.txt in Resources */ = {isa = PBXBuildFile; fileRef = 84D51725234D5A88004D9FC4 /* level1.txt */; };
/* End PBXBuildFile section */

/* Begin PBXFileReference section */
		840D3134234D119B00C3D376 /* 8-Swifty-Words-Game.app */ = {isa = PBXFileReference; explicitFileType = wrapper.application; includeInIndex = 0; path = "8-Swifty-Words-Game.app"; sourceTree = BUILT_PRODUCTS_DIR; };
		840D3137234D119B00C3D376 /* AppDelegate.swift */ = {isa = PBXFileReference; lastKnownFileType = sourcecode.swift; path = AppDelegate.swift; sourceTree = "<group>"; };
		840D3139234D119B00C3D376 /* SceneDelegate.swift */ = {isa = PBXFileReference; lastKnownFileType = sourcecode.swift; path = SceneDelegate.swift; sourceTree = "<group>"; };
		840D313B234D119B00C3D376 /* ViewController.swift */ = {isa = PBXFileReference; lastKnownFileType = sourcecode.swift; path = ViewController.swift; sourceTree = "<group>"; };
		840D313E234D119B00C3D376 /* Base */ = {isa = PBXFileReference; lastKnownFileType = file.storyboard; name = Base; path = Base.lproj/Main.storyboard; sourceTree = "<group>"; };
		840D3140234D119D00C3D376 /* Assets.xcassets */ = {isa = PBXFileReference; lastKnownFileType = folder.assetcatalog; path = Assets.xcassets; sourceTree = "<group>"; };
		840D3143234D119D00C3D376 /* Base */ = {isa = PBXFileReference; lastKnownFileType = file.storyboard; name = Base; path = Base.lproj/LaunchScreen.storyboard; sourceTree = "<group>"; };
		840D3145234D119D00C3D376 /* Info.plist */ = {isa = PBXFileReference; lastKnownFileType = text.plist.xml; path = Info.plist; sourceTree = "<group>"; };
		84D51725234D5A88004D9FC4 /* level1.txt */ = {isa = PBXFileReference; fileEncoding = 4; lastKnownFileType = text; path = level1.txt; sourceTree = "<group>"; };
/* End PBXFileReference section */

/* Begin PBXFrameworksBuildPhase section */
		840D3131234D119B00C3D376 /* Frameworks */ = {
			isa = PBXFrameworksBuildPhase;
			buildActionMask = 2147483647;
			files = (
			);
			runOnlyForDeploymentPostprocessing = 0;
		};
/* End PBXFrameworksBuildPhase section */

/* Begin PBXGroup section */
		840D312B234D119B00C3D376 = {
			isa = PBXGroup;
			children = (
				840D3136234D119B00C3D376 /* 8-Swifty-Words-Game */,
				840D3135234D119B00C3D376 /* Products */,
			);
			sourceTree = "<group>";
		};
		840D3135234D119B00C3D376 /* Products */ = {
			isa = PBXGroup;
			children = (
				840D3134234D119B00C3D376 /* 8-Swifty-Words-Game.app */,
			);
			name = Products;
			sourceTree = "<group>";
		};
		840D3136234D119B00C3D376 /* 8-Swifty-Words-Game */ = {
			isa = PBXGroup;
			children = (
				840D3137234D119B00C3D376 /* AppDelegate.swift */,
				840D3139234D119B00C3D376 /* SceneDelegate.swift */,
				840D313B234D119B00C3D376 /* ViewController.swift */,
				840D313D234D119B00C3D376 /* Main.storyboard */,
				840D3140234D119D00C3D376 /* Assets.xcassets */,
				84D51725234D5A88004D9FC4 /* level1.txt */,
				840D3142234D119D00C3D376 /* LaunchScreen.storyboard */,
				840D3145234D119D00C3D376 /* Info.plist */,
			);
			path = "8-Swifty-Words-Game";
			sourceTree = "<group>";
		};
/* End PBXGroup section */

/* Begin PBXNativeTarget section */
		840D3133234D119B00C3D376 /* 8-Swifty-Words-Game */ = {
			isa = PBXNativeTarget;
			buildConfigurationList = 840D3148234D119D00C3D376 /* Build configuration list for PBXNativeTarget "8-Swifty-Words-Game" */;
			buildPhases = (
				840D3130234D119B00C3D376 /* Sources */,
				840D3131234D119B00C3D376 /* Frameworks */,
				840D3132234D119B00C3D376 /* Resources */,
			);
			buildRules = (
			);
			dependencies = (
			);
			name = "8-Swifty-Words-Game";
			productName = "8-Swifty-Words-Game";
			productReference = 840D3134234D119B00C3D376 /* 8-Swifty-Words-Game.app */;
			productType = "com.apple.product-type.application";
		};
/* End PBXNativeTarget section */

/* Begin PBXProject section */
		840D312C234D119B00C3D376 /* Project object */ = {
			isa = PBXProject;
			attributes = {
				LastSwiftUpdateCheck = 1110;
				LastUpgradeCheck = 1110;
				ORGANIZATIONNAME = "Audrey Welch";
				TargetAttributes = {
					840D3133234D119B00C3D376 = {
						CreatedOnToolsVersion = 11.1;
					};
				};
			};
			buildConfigurationList = 840D312F234D119B00C3D376 /* Build configuration list for PBXProject "8-Swifty-Words-Game" */;
			compatibilityVersion = "Xcode 9.3";
			developmentRegion = en;
			hasScannedForEncodings = 0;
			knownRegions = (
				en,
				Base,
			);
			mainGroup = 840D312B234D119B00C3D376;
			productRefGroup = 840D3135234D119B00C3D376 /* Products */;
			projectDirPath = "";
			projectRoot = "";
			targets = (
				840D3133234D119B00C3D376 /* 8-Swifty-Words-Game */,
			);
		};
/* End PBXProject section */

/* Begin PBXResourcesBuildPhase section */
		840D3132234D119B00C3D376 /* Resources */ = {
			isa = PBXResourcesBuildPhase;
			buildActionMask = 2147483647;
			files = (
				840D3144234D119D00C3D376 /* LaunchScreen.storyboard in Resources */,
				84D51726234D5A88004D9FC4 /* level1.txt in Resources */,
				840D3141234D119D00C3D376 /* Assets.xcassets in Resources */,
				840D313F234D119B00C3D376 /* Main.storyboard in Resources */,
			);
			runOnlyForDeploymentPostprocessing = 0;
		};
/* End PBXResourcesBuildPhase section */

/* Begin PBXSourcesBuildPhase section */
		840D3130234D119B00C3D376 /* Sources */ = {
			isa = PBXSourcesBuildPhase;
			buildActionMask = 2147483647;
			files = (
				840D313C234D119B00C3D376 /* ViewController.swift in Sources */,
				840D3138234D119B00C3D376 /* AppDelegate.swift in Sources */,
				840D313A234D119B00C3D376 /* SceneDelegate.swift in Sources */,
			);
			runOnlyForDeploymentPostprocessing = 0;
		};
/* End PBXSourcesBuildPhase section */

/* Begin PBXVariantGroup section */
		840D313D234D119B00C3D376 /* Main.storyboard */ = {
			isa = PBXVariantGroup;
			children = (
				840D313E234D119B00C3D376 /* Base */,
			);
			name = Main.storyboard;
			sourceTree = "<group>";
		};
		840D3142234D119D00C3D376 /* LaunchScreen.storyboard */ = {
			isa = PBXVariantGroup;
			children = (
				840D3143234D119D00C3D376 /* Base */,
			);
			name = LaunchScreen.storyboard;
			sourceTree = "<group>";
		};
/* End PBXVariantGroup section */

/* Begin XCBuildConfiguration section */
		840D3146234D119D00C3D376 /* Debug */ = {
			isa = XCBuildConfiguration;
			buildSettings = {
				ALWAYS_SEARCH_USER_PATHS = NO;
				CLANG_ANALYZER_NONNULL = YES;
				CLANG_ANALYZER_NUMBER_OBJECT_CONVERSION = YES_AGGRESSIVE;
				CLANG_CXX_LANGUAGE_STANDARD = "gnu++14";
				CLANG_CXX_LIBRARY = "libc++";
				CLANG_ENABLE_MODULES = YES;
				CLANG_ENABLE_OBJC_ARC = YES;
				CLANG_ENABLE_OBJC_WEAK = YES;
				CLANG_WARN_BLOCK_CAPTURE_AUTORELEASING = YES;
				CLANG_WARN_BOOL_CONVERSION = YES;
				CLANG_WARN_COMMA = YES;
				CLANG_WARN_CONSTANT_CONVERSION = YES;
				CLANG_WARN_DEPRECATED_OBJC_IMPLEMENTATIONS = YES;
				CLANG_WARN_DIRECT_OBJC_ISA_USAGE = YES_ERROR;
				CLANG_WARN_DOCUMENTATION_COMMENTS = YES;
				CLANG_WARN_EMPTY_BODY = YES;
				CLANG_WARN_ENUM_CONVERSION = YES;
				CLANG_WARN_INFINITE_RECURSION = YES;
				CLANG_WARN_INT_CONVERSION = YES;
				CLANG_WARN_NON_LITERAL_NULL_CONVERSION = YES;
				CLANG_WARN_OBJC_IMPLICIT_RETAIN_SELF = YES;
				CLANG_WARN_OBJC_LITERAL_CONVERSION = YES;
				CLANG_WARN_OBJC_ROOT_CLASS = YES_ERROR;
				CLANG_WARN_RANGE_LOOP_ANALYSIS = YES;
				CLANG_WARN_STRICT_PROTOTYPES = YES;
				CLANG_WARN_SUSPICIOUS_MOVE = YES;
				CLANG_WARN_UNGUARDED_AVAILABILITY = YES_AGGRESSIVE;
				CLANG_WARN_UNREACHABLE_CODE = YES;
				CLANG_WARN__DUPLICATE_METHOD_MATCH = YES;
				COPY_PHASE_STRIP = NO;
				DEBUG_INFORMATION_FORMAT = dwarf;
				ENABLE_STRICT_OBJC_MSGSEND = YES;
				ENABLE_TESTABILITY = YES;
				GCC_C_LANGUAGE_STANDARD = gnu11;
				GCC_DYNAMIC_NO_PIC = NO;
				GCC_NO_COMMON_BLOCKS = YES;
				GCC_OPTIMIZATION_LEVEL = 0;
				GCC_PREPROCESSOR_DEFINITIONS = (
					"DEBUG=1",
					"$(inherited)",
				);
				GCC_WARN_64_TO_32_BIT_CONVERSION = YES;
				GCC_WARN_ABOUT_RETURN_TYPE = YES_ERROR;
				GCC_WARN_UNDECLARED_SELECTOR = YES;
				GCC_WARN_UNINITIALIZED_AUTOS = YES_AGGRESSIVE;
				GCC_WARN_UNUSED_FUNCTION = YES;
				GCC_WARN_UNUSED_VARIABLE = YES;
				IPHONEOS_DEPLOYMENT_TARGET = 13.1;
				MTL_ENABLE_DEBUG_INFO = INCLUDE_SOURCE;
				MTL_FAST_MATH = YES;
				ONLY_ACTIVE_ARCH = YES;
				SDKROOT = iphoneos;
				SWIFT_ACTIVE_COMPILATION_CONDITIONS = DEBUG;
				SWIFT_OPTIMIZATION_LEVEL = "-Onone";
			};
			name = Debug;
		};
		840D3147234D119D00C3D376 /* Release */ = {
			isa = XCBuildConfiguration;
			buildSettings = {
				ALWAYS_SEARCH_USER_PATHS = NO;
				CLANG_ANALYZER_NONNULL = YES;
				CLANG_ANALYZER_NUMBER_OBJECT_CONVERSION = YES_AGGRESSIVE;
				CLANG_CXX_LANGUAGE_STANDARD = "gnu++14";
				CLANG_CXX_LIBRARY = "libc++";
				CLANG_ENABLE_MODULES = YES;
				CLANG_ENABLE_OBJC_ARC = YES;
				CLANG_ENABLE_OBJC_WEAK = YES;
				CLANG_WARN_BLOCK_CAPTURE_AUTORELEASING = YES;
				CLANG_WARN_BOOL_CONVERSION = YES;
				CLANG_WARN_COMMA = YES;
				CLANG_WARN_CONSTANT_CONVERSION = YES;
				CLANG_WARN_DEPRECATED_OBJC_IMPLEMENTATIONS = YES;
				CLANG_WARN_DIRECT_OBJC_ISA_USAGE = YES_ERROR;
				CLANG_WARN_DOCUMENTATION_COMMENTS = YES;
				CLANG_WARN_EMPTY_BODY = YES;
				CLANG_WARN_ENUM_CONVERSION = YES;
				CLANG_WARN_INFINITE_RECURSION = YES;
				CLANG_WARN_INT_CONVERSION = YES;
				CLANG_WARN_NON_LITERAL_NULL_CONVERSION = YES;
				CLANG_WARN_OBJC_IMPLICIT_RETAIN_SELF = YES;
				CLANG_WARN_OBJC_LITERAL_CONVERSION = YES;
				CLANG_WARN_OBJC_ROOT_CLASS = YES_ERROR;
				CLANG_WARN_RANGE_LOOP_ANALYSIS = YES;
				CLANG_WARN_STRICT_PROTOTYPES = YES;
				CLANG_WARN_SUSPICIOUS_MOVE = YES;
				CLANG_WARN_UNGUARDED_AVAILABILITY = YES_AGGRESSIVE;
				CLANG_WARN_UNREACHABLE_CODE = YES;
				CLANG_WARN__DUPLICATE_METHOD_MATCH = YES;
				COPY_PHASE_STRIP = NO;
				DEBUG_INFORMATION_FORMAT = "dwarf-with-dsym";
				ENABLE_NS_ASSERTIONS = NO;
				ENABLE_STRICT_OBJC_MSGSEND = YES;
				GCC_C_LANGUAGE_STANDARD = gnu11;
				GCC_NO_COMMON_BLOCKS = YES;
				GCC_WARN_64_TO_32_BIT_CONVERSION = YES;
				GCC_WARN_ABOUT_RETURN_TYPE = YES_ERROR;
				GCC_WARN_UNDECLARED_SELECTOR = YES;
				GCC_WARN_UNINITIALIZED_AUTOS = YES_AGGRESSIVE;
				GCC_WARN_UNUSED_FUNCTION = YES;
				GCC_WARN_UNUSED_VARIABLE = YES;
				IPHONEOS_DEPLOYMENT_TARGET = 13.1;
				MTL_ENABLE_DEBUG_INFO = NO;
				MTL_FAST_MATH = YES;
				SDKROOT = iphoneos;
				SWIFT_COMPILATION_MODE = wholemodule;
				SWIFT_OPTIMIZATION_LEVEL = "-O";
				VALIDATE_PRODUCT = YES;
			};
			name = Release;
		};
		840D3149234D119D00C3D376 /* Debug */ = {
			isa = XCBuildConfiguration;
			buildSettings = {
				ASSETCATALOG_COMPILER_APPICON_NAME = AppIcon;
				CODE_SIGN_STYLE = Automatic;
				DEVELOPMENT_TEAM = BH59G2VDQ6;
				INFOPLIST_FILE = "8-Swifty-Words-Game/Info.plist";
				LD_RUNPATH_SEARCH_PATHS = (
					"$(inherited)",
					"@executable_path/Frameworks",
				);
				PRODUCT_BUNDLE_IDENTIFIER = "com.audreywelch.--Swifty-Words-Game";
				PRODUCT_NAME = "$(TARGET_NAME)";
				SWIFT_VERSION = 5.0;
				TARGETED_DEVICE_FAMILY = 2;
			};
			name = Debug;
		};
		840D314A234D119D00C3D376 /* Release */ = {
			isa = XCBuildConfiguration;
			buildSettings = {
				ASSETCATALOG_COMPILER_APPICON_NAME = AppIcon;
				CODE_SIGN_STYLE = Automatic;
				DEVELOPMENT_TEAM = BH59G2VDQ6;
				INFOPLIST_FILE = "8-Swifty-Words-Game/Info.plist";
				LD_RUNPATH_SEARCH_PATHS = (
					"$(inherited)",
					"@executable_path/Frameworks",
				);
				PRODUCT_BUNDLE_IDENTIFIER = "com.audreywelch.--Swifty-Words-Game";
				PRODUCT_NAME = "$(TARGET_NAME)";
				SWIFT_VERSION = 5.0;
				TARGETED_DEVICE_FAMILY = 2;
			};
			name = Release;
		};
/* End XCBuildConfiguration section */

/* Begin XCConfigurationList section */
		840D312F234D119B00C3D376 /* Build configuration list for PBXProject "8-Swifty-Words-Game" */ = {
			isa = XCConfigurationList;
			buildConfigurations = (
				840D3146234D119D00C3D376 /* Debug */,
				840D3147234D119D00C3D376 /* Release */,
			);
			defaultConfigurationIsVisible = 0;
			defaultConfigurationName = Release;
		};
		840D3148234D119D00C3D376 /* Build configuration list for PBXNativeTarget "8-Swifty-Words-Game" */ = {
			isa = XCConfigurationList;
			buildConfigurations = (
				840D3149234D119D00C3D376 /* Debug */,
				840D314A234D119D00C3D376 /* Release */,
			);
			defaultConfigurationIsVisible = 0;
			defaultConfigurationName = Release;
		};
/* End XCConfigurationList section */
	};
	rootObject = 840D312C234D119B00C3D376 /* Project object */;
}
