// !$*UTF8*$!
{
	archiveVersion = 1;
	classes = {
	};
	objectVersion = 50;
	objects = {

/* Begin PBXBuildFile section */
		84770A062332C5BA00FFE238 /* AppDelegate.swift in Sources */ = {isa = PBXBuildFile; fileRef = 84770A052332C5BA00FFE238 /* AppDelegate.swift */; };
		84770A0B2332C5BA00FFE238 /* Main.storyboard in Resources */ = {isa = PBXBuildFile; fileRef = 84770A092332C5BA00FFE238 /* Main.storyboard */; };
		84770A0D2332C5BA00FFE238 /* Assets.xcassets in Resources */ = {isa = PBXBuildFile; fileRef = 84770A0C2332C5BA00FFE238 /* Assets.xcassets */; };
		84770A102332C5BB00FFE238 /* LaunchScreen.storyboard in Resources */ = {isa = PBXBuildFile; fileRef = 84770A0E2332C5BB00FFE238 /* LaunchScreen.storyboard */; };
		84770A182332C61E00FFE238 /* FlagsTableViewController.swift in Sources */ = {isa = PBXBuildFile; fileRef = 84770A172332C61E00FFE238 /* FlagsTableViewController.swift */; };
		84770A1A2332C98700FFE238 /* FlagDetailViewController.swift in Sources */ = {isa = PBXBuildFile; fileRef = 84770A192332C98700FFE238 /* FlagDetailViewController.swift */; };
/* End PBXBuildFile section */

/* Begin PBXFileReference section */
		84770A022332C5BA00FFE238 /* Challenge-1.app */ = {isa = PBXFileReference; explicitFileType = wrapper.application; includeInIndex = 0; path = "Challenge-1.app"; sourceTree = BUILT_PRODUCTS_DIR; };
		84770A052332C5BA00FFE238 /* AppDelegate.swift */ = {isa = PBXFileReference; lastKnownFileType = sourcecode.swift; path = AppDelegate.swift; sourceTree = "<group>"; };
		84770A0A2332C5BA00FFE238 /* Base */ = {isa = PBXFileReference; lastKnownFileType = file.storyboard; name = Base; path = Base.lproj/Main.storyboard; sourceTree = "<group>"; };
		84770A0C2332C5BA00FFE238 /* Assets.xcassets */ = {isa = PBXFileReference; lastKnownFileType = folder.assetcatalog; path = Assets.xcassets; sourceTree = "<group>"; };
		84770A0F2332C5BB00FFE238 /* Base */ = {isa = PBXFileReference; lastKnownFileType = file.storyboard; name = Base; path = Base.lproj/LaunchScreen.storyboard; sourceTree = "<group>"; };
		84770A112332C5BB00FFE238 /* Info.plist */ = {isa = PBXFileReference; lastKnownFileType = text.plist.xml; path = Info.plist; sourceTree = "<group>"; };
		84770A172332C61E00FFE238 /* FlagsTableViewController.swift */ = {isa = PBXFileReference; lastKnownFileType = sourcecode.swift; path = FlagsTableViewController.swift; sourceTree = "<group>"; };
		84770A192332C98700FFE238 /* FlagDetailViewController.swift */ = {isa = PBXFileReference; lastKnownFileType = sourcecode.swift; path = FlagDetailViewController.swift; sourceTree = "<group>"; };
/* End PBXFileReference section */

/* Begin PBXFrameworksBuildPhase section */
		847709FF2332C5BA00FFE238 /* Frameworks */ = {
			isa = PBXFrameworksBuildPhase;
			buildActionMask = 2147483647;
			files = (
			);
			runOnlyForDeploymentPostprocessing = 0;
		};
/* End PBXFrameworksBuildPhase section */

/* Begin PBXGroup section */
		847709F92332C5BA00FFE238 = {
			isa = PBXGroup;
			children = (
				84770A042332C5BA00FFE238 /* Challenge-1 */,
				84770A032332C5BA00FFE238 /* Products */,
			);
			sourceTree = "<group>";
		};
		84770A032332C5BA00FFE238 /* Products */ = {
			isa = PBXGroup;
			children = (
				84770A022332C5BA00FFE238 /* Challenge-1.app */,
			);
			name = Products;
			sourceTree = "<group>";
		};
		84770A042332C5BA00FFE238 /* Challenge-1 */ = {
			isa = PBXGroup;
			children = (
				84770A172332C61E00FFE238 /* FlagsTableViewController.swift */,
				84770A192332C98700FFE238 /* FlagDetailViewController.swift */,
				84770A052332C5BA00FFE238 /* AppDelegate.swift */,
				84770A0C2332C5BA00FFE238 /* Assets.xcassets */,
				84770A092332C5BA00FFE238 /* Main.storyboard */,
				84770A0E2332C5BB00FFE238 /* LaunchScreen.storyboard */,
				84770A112332C5BB00FFE238 /* Info.plist */,
			);
			path = "Challenge-1";
			sourceTree = "<group>";
		};
/* End PBXGroup section */

/* Begin PBXNativeTarget section */
		84770A012332C5BA00FFE238 /* Challenge-1 */ = {
			isa = PBXNativeTarget;
			buildConfigurationList = 84770A142332C5BB00FFE238 /* Build configuration list for PBXNativeTarget "Challenge-1" */;
			buildPhases = (
				847709FE2332C5BA00FFE238 /* Sources */,
				847709FF2332C5BA00FFE238 /* Frameworks */,
				84770A002332C5BA00FFE238 /* Resources */,
			);
			buildRules = (
			);
			dependencies = (
			);
			name = "Challenge-1";
			productName = "Challenge-1";
			productReference = 84770A022332C5BA00FFE238 /* Challenge-1.app */;
			productType = "com.apple.product-type.application";
		};
/* End PBXNativeTarget section */

/* Begin PBXProject section */
		847709FA2332C5BA00FFE238 /* Project object */ = {
			isa = PBXProject;
			attributes = {
				LastSwiftUpdateCheck = 1020;
				LastUpgradeCheck = 1020;
				ORGANIZATIONNAME = "Audrey Welch";
				TargetAttributes = {
					84770A012332C5BA00FFE238 = {
						CreatedOnToolsVersion = 10.2.1;
					};
				};
			};
			buildConfigurationList = 847709FD2332C5BA00FFE238 /* Build configuration list for PBXProject "Challenge-1" */;
			compatibilityVersion = "Xcode 9.3";
			developmentRegion = en;
			hasScannedForEncodings = 0;
			knownRegions = (
				en,
				Base,
			);
			mainGroup = 847709F92332C5BA00FFE238;
			productRefGroup = 84770A032332C5BA00FFE238 /* Products */;
			projectDirPath = "";
			projectRoot = "";
			targets = (
				84770A012332C5BA00FFE238 /* Challenge-1 */,
			);
		};
/* End PBXProject section */

/* Begin PBXResourcesBuildPhase section */
		84770A002332C5BA00FFE238 /* Resources */ = {
			isa = PBXResourcesBuildPhase;
			buildActionMask = 2147483647;
			files = (
				84770A102332C5BB00FFE238 /* LaunchScreen.storyboard in Resources */,
				84770A0D2332C5BA00FFE238 /* Assets.xcassets in Resources */,
				84770A0B2332C5BA00FFE238 /* Main.storyboard in Resources */,
			);
			runOnlyForDeploymentPostprocessing = 0;
		};
/* End PBXResourcesBuildPhase section */

/* Begin PBXSourcesBuildPhase section */
		847709FE2332C5BA00FFE238 /* Sources */ = {
			isa = PBXSourcesBuildPhase;
			buildActionMask = 2147483647;
			files = (
				84770A062332C5BA00FFE238 /* AppDelegate.swift in Sources */,
				84770A182332C61E00FFE238 /* FlagsTableViewController.swift in Sources */,
				84770A1A2332C98700FFE238 /* FlagDetailViewController.swift in Sources */,
			);
			runOnlyForDeploymentPostprocessing = 0;
		};
/* End PBXSourcesBuildPhase section */

/* Begin PBXVariantGroup section */
		84770A092332C5BA00FFE238 /* Main.storyboard */ = {
			isa = PBXVariantGroup;
			children = (
				84770A0A2332C5BA00FFE238 /* Base */,
			);
			name = Main.storyboard;
			sourceTree = "<group>";
		};
		84770A0E2332C5BB00FFE238 /* LaunchScreen.storyboard */ = {
			isa = PBXVariantGroup;
			children = (
				84770A0F2332C5BB00FFE238 /* Base */,
			);
			name = LaunchScreen.storyboard;
			sourceTree = "<group>";
		};
/* End PBXVariantGroup section */

/* Begin XCBuildConfiguration section */
		84770A122332C5BB00FFE238 /* Debug */ = {
			isa = XCBuildConfiguration;
			buildSettings = {
				ALWAYS_SEARCH_USER_PATHS = NO;
				CLANG_ANALYZER_NONNULL = YES;
				CLANG_ANALYZER_NUMBER_OBJECT_CONVERSION = YES_AGGRESSIVE;
				CLANG_CXX_LANGUAGE_STANDARD = "gnu++14";
				CLANG_CXX_LIBRARY = "libc++";
				CLANG_ENABLE_MODULES = YES;
				CLANG_ENABLE_OBJC_ARC = YES;
				CLANG_ENABLE_OBJC_WEAK = YES;
				CLANG_WARN_BLOCK_CAPTURE_AUTORELEASING = YES;
				CLANG_WARN_BOOL_CONVERSION = YES;
				CLANG_WARN_COMMA = YES;
				CLANG_WARN_CONSTANT_CONVERSION = YES;
				CLANG_WARN_DEPRECATED_OBJC_IMPLEMENTATIONS = YES;
				CLANG_WARN_DIRECT_OBJC_ISA_USAGE = YES_ERROR;
				CLANG_WARN_DOCUMENTATION_COMMENTS = YES;
				CLANG_WARN_EMPTY_BODY = YES;
				CLANG_WARN_ENUM_CONVERSION = YES;
				CLANG_WARN_INFINITE_RECURSION = YES;
				CLANG_WARN_INT_CONVERSION = YES;
				CLANG_WARN_NON_LITERAL_NULL_CONVERSION = YES;
				CLANG_WARN_OBJC_IMPLICIT_RETAIN_SELF = YES;
				CLANG_WARN_OBJC_LITERAL_CONVERSION = YES;
				CLANG_WARN_OBJC_ROOT_CLASS = YES_ERROR;
				CLANG_WARN_RANGE_LOOP_ANALYSIS = YES;
				CLANG_WARN_STRICT_PROTOTYPES = YES;
				CLANG_WARN_SUSPICIOUS_MOVE = YES;
				CLANG_WARN_UNGUARDED_AVAILABILITY = YES_AGGRESSIVE;
				CLANG_WARN_UNREACHABLE_CODE = YES;
				CLANG_WARN__DUPLICATE_METHOD_MATCH = YES;
				CODE_SIGN_IDENTITY = "iPhone Developer";
				COPY_PHASE_STRIP = NO;
				DEBUG_INFORMATION_FORMAT = dwarf;
				ENABLE_STRICT_OBJC_MSGSEND = YES;
				ENABLE_TESTABILITY = YES;
				GCC_C_LANGUAGE_STANDARD = gnu11;
				GCC_DYNAMIC_NO_PIC = NO;
				GCC_NO_COMMON_BLOCKS = YES;
				GCC_OPTIMIZATION_LEVEL = 0;
				GCC_PREPROCESSOR_DEFINITIONS = (
					"DEBUG=1",
					"$(inherited)",
				);
				GCC_WARN_64_TO_32_BIT_CONVERSION = YES;
				GCC_WARN_ABOUT_RETURN_TYPE = YES_ERROR;
				GCC_WARN_UNDECLARED_SELECTOR = YES;
				GCC_WARN_UNINITIALIZED_AUTOS = YES_AGGRESSIVE;
				GCC_WARN_UNUSED_FUNCTION = YES;
				GCC_WARN_UNUSED_VARIABLE = YES;
				IPHONEOS_DEPLOYMENT_TARGET = 12.2;
				MTL_ENABLE_DEBUG_INFO = INCLUDE_SOURCE;
				MTL_FAST_MATH = YES;
				ONLY_ACTIVE_ARCH = YES;
				SDKROOT = iphoneos;
				SWIFT_ACTIVE_COMPILATION_CONDITIONS = DEBUG;
				SWIFT_OPTIMIZATION_LEVEL = "-Onone";
			};
			name = Debug;
		};
		84770A132332C5BB00FFE238 /* Release */ = {
			isa = XCBuildConfiguration;
			buildSettings = {
				ALWAYS_SEARCH_USER_PATHS = NO;
				CLANG_ANALYZER_NONNULL = YES;
				CLANG_ANALYZER_NUMBER_OBJECT_CONVERSION = YES_AGGRESSIVE;
				CLANG_CXX_LANGUAGE_STANDARD = "gnu++14";
				CLANG_CXX_LIBRARY = "libc++";
				CLANG_ENABLE_MODULES = YES;
				CLANG_ENABLE_OBJC_ARC = YES;
				CLANG_ENABLE_OBJC_WEAK = YES;
				CLANG_WARN_BLOCK_CAPTURE_AUTORELEASING = YES;
				CLANG_WARN_BOOL_CONVERSION = YES;
				CLANG_WARN_COMMA = YES;
				CLANG_WARN_CONSTANT_CONVERSION = YES;
				CLANG_WARN_DEPRECATED_OBJC_IMPLEMENTATIONS = YES;
				CLANG_WARN_DIRECT_OBJC_ISA_USAGE = YES_ERROR;
				CLANG_WARN_DOCUMENTATION_COMMENTS = YES;
				CLANG_WARN_EMPTY_BODY = YES;
				CLANG_WARN_ENUM_CONVERSION = YES;
				CLANG_WARN_INFINITE_RECURSION = YES;
				CLANG_WARN_INT_CONVERSION = YES;
				CLANG_WARN_NON_LITERAL_NULL_CONVERSION = YES;
				CLANG_WARN_OBJC_IMPLICIT_RETAIN_SELF = YES;
				CLANG_WARN_OBJC_LITERAL_CONVERSION = YES;
				CLANG_WARN_OBJC_ROOT_CLASS = YES_ERROR;
				CLANG_WARN_RANGE_LOOP_ANALYSIS = YES;
				CLANG_WARN_STRICT_PROTOTYPES = YES;
				CLANG_WARN_SUSPICIOUS_MOVE = YES;
				CLANG_WARN_UNGUARDED_AVAILABILITY = YES_AGGRESSIVE;
				CLANG_WARN_UNREACHABLE_CODE = YES;
				CLANG_WARN__DUPLICATE_METHOD_MATCH = YES;
				CODE_SIGN_IDENTITY = "iPhone Developer";
				COPY_PHASE_STRIP = NO;
				DEBUG_INFORMATION_FORMAT = "dwarf-with-dsym";
				ENABLE_NS_ASSERTIONS = NO;
				ENABLE_STRICT_OBJC_MSGSEND = YES;
				GCC_C_LANGUAGE_STANDARD = gnu11;
				GCC_NO_COMMON_BLOCKS = YES;
				GCC_WARN_64_TO_32_BIT_CONVERSION = YES;
				GCC_WARN_ABOUT_RETURN_TYPE = YES_ERROR;
				GCC_WARN_UNDECLARED_SELECTOR = YES;
				GCC_WARN_UNINITIALIZED_AUTOS = YES_AGGRESSIVE;
				GCC_WARN_UNUSED_FUNCTION = YES;
				GCC_WARN_UNUSED_VARIABLE = YES;
				IPHONEOS_DEPLOYMENT_TARGET = 12.2;
				MTL_ENABLE_DEBUG_INFO = NO;
				MTL_FAST_MATH = YES;
				SDKROOT = iphoneos;
				SWIFT_COMPILATION_MODE = wholemodule;
				SWIFT_OPTIMIZATION_LEVEL = "-O";
				VALIDATE_PRODUCT = YES;
			};
			name = Release;
		};
		84770A152332C5BB00FFE238 /* Debug */ = {
			isa = XCBuildConfiguration;
			buildSettings = {
				ASSETCATALOG_COMPILER_APPICON_NAME = AppIcon;
				CODE_SIGN_STYLE = Automatic;
				DEVELOPMENT_TEAM = BH59G2VDQ6;
				INFOPLIST_FILE = "Challenge-1/Info.plist";
				LD_RUNPATH_SEARCH_PATHS = (
					"$(inherited)",
					"@executable_path/Frameworks",
				);
				PRODUCT_BUNDLE_IDENTIFIER = "com.audreywelch.Challenge-1";
				PRODUCT_NAME = "$(TARGET_NAME)";
				SWIFT_VERSION = 5.0;
				TARGETED_DEVICE_FAMILY = "1,2";
			};
			name = Debug;
		};
		84770A162332C5BB00FFE238 /* Release */ = {
			isa = XCBuildConfiguration;
			buildSettings = {
				ASSETCATALOG_COMPILER_APPICON_NAME = AppIcon;
				CODE_SIGN_STYLE = Automatic;
				DEVELOPMENT_TEAM = BH59G2VDQ6;
				INFOPLIST_FILE = "Challenge-1/Info.plist";
				LD_RUNPATH_SEARCH_PATHS = (
					"$(inherited)",
					"@executable_path/Frameworks",
				);
				PRODUCT_BUNDLE_IDENTIFIER = "com.audreywelch.Challenge-1";
				PRODUCT_NAME = "$(TARGET_NAME)";
				SWIFT_VERSION = 5.0;
				TARGETED_DEVICE_FAMILY = "1,2";
			};
			name = Release;
		};
/* End XCBuildConfiguration section */

/* Begin XCConfigurationList section */
		847709FD2332C5BA00FFE238 /* Build configuration list for PBXProject "Challenge-1" */ = {
			isa = XCConfigurationList;
			buildConfigurations = (
				84770A122332C5BB00FFE238 /* Debug */,
				84770A132332C5BB00FFE238 /* Release */,
			);
			defaultConfigurationIsVisible = 0;
			defaultConfigurationName = Release;
		};
		84770A142332C5BB00FFE238 /* Build configuration list for PBXNativeTarget "Challenge-1" */ = {
			isa = XCConfigurationList;
			buildConfigurations = (
				84770A152332C5BB00FFE238 /* Debug */,
				84770A162332C5BB00FFE238 /* Release */,
			);
			defaultConfigurationIsVisible = 0;
			defaultConfigurationName = Release;
		};
/* End XCConfigurationList section */
	};
	rootObject = 847709FA2332C5BA00FFE238 /* Project object */;
}
